// !$*UTF8*$!
{
	archiveVersion = 1;
	classes = {
	};
	objectVersion = 77;
	objects = {

/* Begin PBXBuildFile section */
		012E4D0AB5650FC1011E9B38 /* GramSchmidtNaNProtectionTests.swift in Sources */ = {isa = PBXBuildFile; fileRef = 3C335738BF98D285F3B340B8 /* GramSchmidtNaNProtectionTests.swift */; };
		0244E2D75C75254B0DC625C4 /* ObjectAnchorPersistenceService.swift in Sources */ = {isa = PBXBuildFile; fileRef = A63E0729E60D33BA5A1C2A23 /* ObjectAnchorPersistenceService.swift */; };
		05578B159BCC81355FCD946C /* CoreMLIntentClassifierTests.swift in Sources */ = {isa = PBXBuildFile; fileRef = 9CA41627C989633924FC9E30 /* CoreMLIntentClassifierTests.swift */; };
		06ABF50A4BDFDB52963FCE5F /* SSELifecycleTests.swift in Sources */ = {isa = PBXBuildFile; fileRef = F5B73F001A0283D4267ABD82 /* SSELifecycleTests.swift */; };
		0967B58695C9BA4DF9C463FA /* CalibrationPersistenceTests.swift in Sources */ = {isa = PBXBuildFile; fileRef = 48B0DA266EEF8EEE48436F1E /* CalibrationPersistenceTests.swift */; };
		09D3459ADD64865569B3F730 /* ClusterReticle.swift in Sources */ = {isa = PBXBuildFile; fileRef = 17770006A71CB50E0CA5A4F9 /* ClusterReticle.swift */; };
		0AC7C10CE6B0DC77312C87ED /* FixtureMapping.swift in Sources */ = {isa = PBXBuildFile; fileRef = 9E5E8EEB1B69F992D330E955 /* FixtureMapping.swift */; };
		0B59691B20EBAFA0B3A10C42 /* HueSpatialService.swift in Sources */ = {isa = PBXBuildFile; fileRef = BCD263062DA119E21F6562DC /* HueSpatialService.swift */; };
		11B44BA2FD7378C702D08504 /* SpatialProjector.swift in Sources */ = {isa = PBXBuildFile; fileRef = 27CF45B419A50697200CF344 /* SpatialProjector.swift */; };
		13215C0315CC80D67F8DFA58 /* ECDSASignatureValidatorTests.swift in Sources */ = {isa = PBXBuildFile; fileRef = 0DF2A8F681D0691D16A9793E /* ECDSASignatureValidatorTests.swift */; };
		13EFF1A9A0447E96AD3B2F5F /* MatterLightController.swift in Sources */ = {isa = PBXBuildFile; fileRef = 6D899B1974A2D5435E334510 /* MatterLightController.swift */; };
		15DA7F75E0028C4529E5B641 /* AppContainerTests.swift in Sources */ = {isa = PBXBuildFile; fileRef = 96D1F0A19DAE29DCB42DFB09 /* AppContainerTests.swift */; };
		17FE64294D6E1CF17EAC0579 /* HueStateStream.swift in Sources */ = {isa = PBXBuildFile; fileRef = 7BD4020BBE9F66E6C7A12BF4 /* HueStateStream.swift */; };
		181096DD07FCC8886791A171 /* classification_rules.json in Resources */ = {isa = PBXBuildFile; fileRef = 3AFA647508BF564F9F9FA5F6 /* classification_rules.json */; };
		1DA9C9E3614B9EF160E7D643 /* MatterModels.swift in Sources */ = {isa = PBXBuildFile; fileRef = 056F30B958C94BB12D242153 /* MatterModels.swift */; };
		23BAF78E0C0819A4C9FEC78F /* FixturePersistence.swift in Sources */ = {isa = PBXBuildFile; fileRef = DCCF3CBE0E6613D3E9DF0DFB /* FixturePersistence.swift */; };
		24A3D31BAEAACB55C3A48D20 /* MetricKitTelemetryTests.swift in Sources */ = {isa = PBXBuildFile; fileRef = 75B7B6055290E9EA88D71E02 /* MetricKitTelemetryTests.swift */; };
		29BA3BD4BA9E48D3E85CF905 /* SpatialProjectorTests.swift in Sources */ = {isa = PBXBuildFile; fileRef = 705489F3F2BF68688FA1975B /* SpatialProjectorTests.swift */; };
		32CF656269CE2229B491F8DB /* BridgeDiscoveryView.swift in Sources */ = {isa = PBXBuildFile; fileRef = 6E443EB84995113663DCA191 /* BridgeDiscoveryView.swift */; };
		338734094F83463E10A63B48 /* CalibrationTests.swift in Sources */ = {isa = PBXBuildFile; fileRef = 1421575C5E9232F749767E85 /* CalibrationTests.swift */; };
		33B134491AC33860CF58B2AA /* NetworkPartitionSimulationTests.swift in Sources */ = {isa = PBXBuildFile; fileRef = BCC4DF9289B0317D2328C8D0 /* NetworkPartitionSimulationTests.swift */; };
		347DF421084E97162E882397 /* MaterialIndexMappingTests.swift in Sources */ = {isa = PBXBuildFile; fileRef = 4E5F4C5DF71284345BD091CC /* MaterialIndexMappingTests.swift */; };
		35241CBE47847607497D345C /* FixtureIntentClassifier.swift in Sources */ = {isa = PBXBuildFile; fileRef = 85DB4B54E6CDAD53C3C96DD4 /* FixtureIntentClassifier.swift */; };
		3765CCE937030AAF783682C8 /* HueControlPanel.swift in Sources */ = {isa = PBXBuildFile; fileRef = 77C3C0947E5619E680836273 /* HueControlPanel.swift */; };
		3D0E1BCDAC3C3D6D274EE4FA /* MatterDiscoveryService.swift in Sources */ = {isa = PBXBuildFile; fileRef = A0D1087AA290C599B6DA95FF /* MatterDiscoveryService.swift */; };
		3EA44BBC2C62713CAC3783A4 /* FixtureHeuristicClassifierNewTypesTests.swift in Sources */ = {isa = PBXBuildFile; fileRef = E738F816976D6795C3FF3F18 /* FixtureHeuristicClassifierNewTypesTests.swift */; };

		4E8D4846FAB8B6DC24F909B5 /* CertificatePinningDelegate.swift in Sources */ = {isa = PBXBuildFile; fileRef = A58A999810DADAC4665355D9 /* CertificatePinningDelegate.swift */; };
		4EBD8F5E9DC7711DC5B9505A /* SpatialMath.swift in Sources */ = {isa = PBXBuildFile; fileRef = 9A04FE47AED193FE58A7AC30 /* SpatialMath.swift */; };
		4EE8763AC025315E004CE3C5 /* WorldMapPersistenceTests.swift in Sources */ = {isa = PBXBuildFile; fileRef = 2B3D50FB43127DD0E2C682A2 /* WorldMapPersistenceTests.swift */; };
		526AC233EDBC43B19CF50F8C /* RelocalizationGuideTests.swift in Sources */ = {isa = PBXBuildFile; fileRef = 4A9DA36AF8AE778FD3621488 /* RelocalizationGuideTests.swift */; };
		532949754C9D06A1539ABF00 /* SpatialCalibrationEngine.swift in Sources */ = {isa = PBXBuildFile; fileRef = E47BA61F9090C83D7B16D92D /* SpatialCalibrationEngine.swift */; };
		53B7F783FF3B539180DC3377 /* RelocalizationMonitoringServiceTests.swift in Sources */ = {isa = PBXBuildFile; fileRef = E33BA4B54BABD90C54B4F6BA /* RelocalizationMonitoringServiceTests.swift */; };
		5509FAE1D0EBCF149AC39D4A /* HueStateStreamPerformanceTests.swift in Sources */ = {isa = PBXBuildFile; fileRef = 353122385FEC30FA619546EA /* HueStateStreamPerformanceTests.swift */; };
		57CFB6CAFC01F004E5CE9DA6 /* RelocalizationMonitoringService.swift in Sources */ = {isa = PBXBuildFile; fileRef = 7440109DBB64D611479021C3 /* RelocalizationMonitoringService.swift */; };
		5B54D9CC07C518AC20424DEB /* NeuralSurfaceMaterialClassifier.swift in Sources */ = {isa = PBXBuildFile; fileRef = 9CE92603AC101635A493CC61 /* NeuralSurfaceMaterialClassifier.swift */; };
		5CA7EBD724AAD3679E29F802 /* AppContainer.swift in Sources */ = {isa = PBXBuildFile; fileRef = 9FF43A6D23F49BADFF951607 /* AppContainer.swift */; };
		6007944BF9ABED62B06E5F4F /* HueClient.swift in Sources */ = {isa = PBXBuildFile; fileRef = 38F7EE4EE247B64F3F5EA4A9 /* HueClient.swift */; };
		613B98CA54DB674EC90D4519 /* CloudKitPersistenceTests.swift in Sources */ = {isa = PBXBuildFile; fileRef = 67293D64B00DBCFB19C2638F /* CloudKitPersistenceTests.swift */; };
		62A8605DB3263A88A0BCCCB5 /* PersistenceTests.swift in Sources */ = {isa = PBXBuildFile; fileRef = F66DF5C2E40EA9D490F25A49 /* PersistenceTests.swift */; };
		641D1BC8A6308149CC1A7ACC /* VisionLinkHueApp.swift in Sources */ = {isa = PBXBuildFile; fileRef = 42E513DE585187B5BC0098AA /* VisionLinkHueApp.swift */; };
		6BBB4D236CBC177B5BFCB112 /* CloudKitSyncTests.swift in Sources */ = {isa = PBXBuildFile; fileRef = B908D5AA1D7FF12E6183A179 /* CloudKitSyncTests.swift */; };
		6C5C4ADB0E0E63747FF8F6BE /* HueNetworkClientProtocol.swift in Sources */ = {isa = PBXBuildFile; fileRef = D99BF40CD00706299667D92F /* HueNetworkClientProtocol.swift */; };
		6F8832B09A2529FF44500541 /* FixtureHeuristicClassifierTests.swift in Sources */ = {isa = PBXBuildFile; fileRef = 788CFC6CAFD604FC2DE4DF7A /* FixtureHeuristicClassifierTests.swift */; };

		7335AB60C3C527C53294FAD3 /* ContentView.swift in Sources */ = {isa = PBXBuildFile; fileRef = F0B2F9CD762C0B9580DDD3AD /* ContentView.swift */; };
		73AC28EA9E04D8AAEFB51CC4 /* FixtureHeuristicClassifier.swift in Sources */ = {isa = PBXBuildFile; fileRef = 6F602CDBD2A936AAA555F9B8 /* FixtureHeuristicClassifier.swift */; };
		7E56506D8990A271C15C25CE /* FixtureReticle.swift in Sources */ = {isa = PBXBuildFile; fileRef = 98E97358C8FE198BCF090646 /* FixtureReticle.swift */; };
		828E5F737EDCD2FA4D368DAE /* LiquidGlassHUD.swift in Sources */ = {isa = PBXBuildFile; fileRef = 20229124698A9076EB0AC0B5 /* LiquidGlassHUD.swift */; };

		864A1DD1D2983027BE0564F7 /* DepthAnalysis.metal in Sources */ = {isa = PBXBuildFile; fileRef = B170F7B2DE2BA142375D566A /* DepthAnalysis.metal */; };
		86AEF636508614FBF1E7997C /* QuadrantStorageTests.swift in Sources */ = {isa = PBXBuildFile; fileRef = 9899A9F3D45F6092CA1C01E7 /* QuadrantStorageTests.swift */; };
		87E7477B0C89DB69AE0E5839 /* RelocalizationGuide.swift in Sources */ = {isa = PBXBuildFile; fileRef = 2B5513B637FCA1D67EE778A8 /* RelocalizationGuide.swift */; };
		93733C0DBB56E68BEA6BA70C /* FixtureModels.swift in Sources */ = {isa = PBXBuildFile; fileRef = CE3AF9C2519C92FD05483887 /* FixtureModels.swift */; };
		94786EF9EBC77ECF7FD7E7AA /* Constants.swift in Sources */ = {isa = PBXBuildFile; fileRef = 6B4136600B738D9973D35B21 /* Constants.swift */; };
		9674C7B1524AF0BEB3FDF291 /* SpatialClusterEngine.swift in Sources */ = {isa = PBXBuildFile; fileRef = E22DA283EADA6F8F003B91F7 /* SpatialClusterEngine.swift */; };
		969BEEE2637704A74A043D4D /* SpatialCalibrationPersistenceStore.swift in Sources */ = {isa = PBXBuildFile; fileRef = 122269A8ED707718B6882AC3 /* SpatialCalibrationPersistenceStore.swift */; };
		99179244D0CC22CF7A0D1598 /* KeychainCalibrationStore.swift in Sources */ = {isa = PBXBuildFile; fileRef = EE491F0C0AA7004E5113C687 /* KeychainCalibrationStore.swift */; };
		A419B6FCA9A50F54908E3943 /* DetectionEngine.swift in Sources */ = {isa = PBXBuildFile; fileRef = D2EB75B6F6438D47B0DC3518 /* DetectionEngine.swift */; };
		A4A2F668534A1812B3BB567B /* ManualPlacementView.swift in Sources */ = {isa = PBXBuildFile; fileRef = 89294897435D7BE69BE6D10D /* ManualPlacementView.swift */; };
		A69057D2E31E1E5148AEB633 /* MetricKitTelemetryService.swift in Sources */ = {isa = PBXBuildFile; fileRef = 2755C433361F45C3873C5641 /* MetricKitTelemetryService.swift */; };
		AA3A2E8FB0F991B5A65BF372 /* HueDiscoveryService.swift in Sources */ = {isa = PBXBuildFile; fileRef = 1F0AABA3866CBBC06D7C2A5F /* HueDiscoveryService.swift */; };
		AA634CD3948022E544293864 /* CoreMLFallbackMemoryPressureTests.swift in Sources */ = {isa = PBXBuildFile; fileRef = 56EE0D9643F5FC4D3C0A2568 /* CoreMLFallbackMemoryPressureTests.swift */; };
		AB38145C91591010F7D20E59 /* MatterBridgeService.swift in Sources */ = {isa = PBXBuildFile; fileRef = 20BC691405C21EED97AAC775 /* MatterBridgeService.swift */; };
		ADA2735170B0F5910CFF8F59 /* DetectionEngineTests.swift in Sources */ = {isa = PBXBuildFile; fileRef = 49DA178056BF1F365DB4D2C5 /* DetectionEngineTests.swift */; };
		AFA4C26C8DB6F955D2B99B48 /* Crypto in Frameworks */ = {isa = PBXBuildFile; productRef = 889F1532732AE0ED5BF3BE5B /* Crypto */; };
		AFB64174389CA2083EC430A1 /* CameraConfigurationProvider.swift in Sources */ = {isa = PBXBuildFile; fileRef = 2A0F3DECD166E82A3F0B1149 /* CameraConfigurationProvider.swift */; };
		B093D1DB4970EFA16ACA4B4F /* ScenePickerView.swift in Sources */ = {isa = PBXBuildFile; fileRef = 2FEED54E9BED2EDF0DDAF8EE /* ScenePickerView.swift */; };
		B0FD97156859E176C54B288F /* KeychainManager.swift in Sources */ = {isa = PBXBuildFile; fileRef = 8C7CFE88E1083C9D9ADC6DE6 /* KeychainManager.swift */; };
		B17E8F67EC750B5A66AD65EA /* SpatialInputHandler.swift in Sources */ = {isa = PBXBuildFile; fileRef = 7A39A6EC77FFD97AEFFE2898 /* SpatialInputHandler.swift */; };
		B4982781F22B734388396392 /* ObjectAnchorPersistenceServiceTests.swift in Sources */ = {isa = PBXBuildFile; fileRef = EA904496E2166935941B655A /* ObjectAnchorPersistenceServiceTests.swift */; };
		BD1754EB51AAA94D737475F2 /* MockHueClient.swift in Sources */ = {isa = PBXBuildFile; fileRef = 20436443E97ED90C6AA2852D /* MockHueClient.swift */; };
		BECE227F748EB723A042919A /* DetectionSettingsTests.swift in Sources */ = {isa = PBXBuildFile; fileRef = 45ED88D4B03AEF9DFD029823 /* DetectionSettingsTests.swift */; };
		C35A9803FA2101A929F1E93E /* SpatialMathTests.swift in Sources */ = {isa = PBXBuildFile; fileRef = DF9FF5ED8521E57492B18C2B /* SpatialMathTests.swift */; };
		C3F32E9354AB32F1879F2789 /* HueClientProtocol.swift in Sources */ = {isa = PBXBuildFile; fileRef = DA918F1B394BBC49BD3E7292 /* HueClientProtocol.swift */; };
		C539E5B9D2777D1EBD12EEEF /* GestureManager.swift in Sources */ = {isa = PBXBuildFile; fileRef = 6AC852A1ABA2800CBC15316A /* GestureManager.swift */; };
		CBB5FDACB767159363B36302 /* ARSessionManager.swift in Sources */ = {isa = PBXBuildFile; fileRef = 0038078F889E45E668262CA4 /* ARSessionManager.swift */; };
		CD92A32B79565AAB54CD28C7 /* HueModels.swift in Sources */ = {isa = PBXBuildFile; fileRef = 265706314D8CA066D282077E /* HueModels.swift */; };

		D055E50E8821ED13BDBE6B56 /* ThermalMonitor.swift in Sources */ = {isa = PBXBuildFile; fileRef = 9300CC0E91CE9F4826A9E796 /* ThermalMonitor.swift */; };
		D1493CA94B784A5627A4D4CC /* ARViewContainer.swift in Sources */ = {isa = PBXBuildFile; fileRef = 63D52FBF9BEA54F3BB00A0A2 /* ARViewContainer.swift */; };
		D3E87C8ACC7E85F0AD8D544C /* SSEStressTests.swift in Sources */ = {isa = PBXBuildFile; fileRef = 20DB8494CEEFC9191994C867 /* SSEStressTests.swift */; };
		D76B100C8BD6228CAEC236F4 /* ECDSASignatureValidator.swift in Sources */ = {isa = PBXBuildFile; fileRef = E62F1E5919ACE213F4A3A7C4 /* ECDSASignatureValidator.swift */; };
		D8365E3E0A832258B4B67E07 /* DetectionSettings.swift in Sources */ = {isa = PBXBuildFile; fileRef = 1EE09DE6A81D9EFFBBC4B865 /* DetectionSettings.swift */; };
		DE8E12A879EC29E57D360BE2 /* SceneRecallButton.swift in Sources */ = {isa = PBXBuildFile; fileRef = F43270D560C1B1CD820C485C /* SceneRecallButton.swift */; };
		DED7C459DB4410E825E3379A /* ThermalPredictiveModel.swift in Sources */ = {isa = PBXBuildFile; fileRef = 10DD9885E12B3BE9C49F0AA0 /* ThermalPredictiveModel.swift */; };
		E022D466C4C4BF2014F6D6D8 /* Assets.xcassets in Resources */ = {isa = PBXBuildFile; fileRef = C3773D6FD40A1D0C05AB37AA /* Assets.xcassets */; };
		E2BD477639C1EA188179A645 /* ViewAttachmentComponents.swift in Sources */ = {isa = PBXBuildFile; fileRef = 6FBE4ED0D7F289735CA52155 /* ViewAttachmentComponents.swift */; };
		E3A0D9831BB808C6CB4B3C52 /* QuaternionAttributeTransformer.swift in Sources */ = {isa = PBXBuildFile; fileRef = D342A7DCA82DC0F175310AAD /* QuaternionAttributeTransformer.swift */; };
		E3DE2410738AA93612CEF02D /* MatterBridgeFallbackTests.swift in Sources */ = {isa = PBXBuildFile; fileRef = 297E5CEFCA8E13FA709DCF03 /* MatterBridgeFallbackTests.swift */; };
		E72953C587570A131A6BC0F4 /* FixturePersistenceContextTests.swift in Sources */ = {isa = PBXBuildFile; fileRef = 6576F829EEB4F3A614EFEF1E /* FixturePersistenceContextTests.swift */; };
		EB73F17300BF1941C679DD9B /* GazeTargetingTests.swift in Sources */ = {isa = PBXBuildFile; fileRef = E8C9435878F56BEE60D5335E /* GazeTargetingTests.swift */; };
		F4CCEC981BB611E0E3D7812D /* HueEventStreamActor.swift in Sources */ = {isa = PBXBuildFile; fileRef = B1A3088B6BD175CE1AE5D13D /* HueEventStreamActor.swift */; };
		F625796960C8A1071CF0B17F /* FixtureHeuristicClassifierSafeRangeTests.swift in Sources */ = {isa = PBXBuildFile; fileRef = 7B637C2074DF0C87C8D4BE6A /* FixtureHeuristicClassifierSafeRangeTests.swift */; };
		F7ED96DBF7652D82F4ADED78 /* SpatialDataPurgeServiceTests.swift in Sources */ = {isa = PBXBuildFile; fileRef = 739277B1DF73E0D2F4836BF3 /* SpatialDataPurgeServiceTests.swift */; };
		F897E4F964A89C76FB832BAD /* HUDOverlay.swift in Sources */ = {isa = PBXBuildFile; fileRef = 08E7992EF63FE19E26EE84A9 /* HUDOverlay.swift */; };
		FBBEF8AB2333181EFAF387EF /* GestureManagerTests.swift in Sources */ = {isa = PBXBuildFile; fileRef = 9D266CDCD5004FE423C142F9 /* GestureManagerTests.swift */; };
		FEA584A66F891C2B0F182DEE /* Extensions.swift in Sources */ = {isa = PBXBuildFile; fileRef = 3F9DCCC892C073529129A8F7 /* Extensions.swift */; };
/* End PBXBuildFile section */

/* Begin PBXContainerItemProxy section */
		48526C643EFF335B769FB415 /* PBXContainerItemProxy */ = {
			isa = PBXContainerItemProxy;
			containerPortal = D9FB3B583B9DCE05B48D2757 /* Project object */;
			proxyType = 1;
			remoteGlobalIDString = C9357F068FD12CB86F48FEFD;
			remoteInfo = VisionLinkHue;
		};
/* End PBXContainerItemProxy section */

/* Begin PBXFileReference section */
		0038078F889E45E668262CA4 /* ARSessionManager.swift */ = {isa = PBXFileReference; lastKnownFileType = sourcecode.swift; path = ARSessionManager.swift; sourceTree = "<group>"; };
		056F30B958C94BB12D242153 /* MatterModels.swift */ = {isa = PBXFileReference; lastKnownFileType = sourcecode.swift; path = MatterModels.swift; sourceTree = "<group>"; };
		08E7992EF63FE19E26EE84A9 /* HUDOverlay.swift */ = {isa = PBXFileReference; lastKnownFileType = sourcecode.swift; path = HUDOverlay.swift; sourceTree = "<group>"; };
		097909EFE4C98C127134A567 /* VisionLinkHue.entitlements */ = {isa = PBXFileReference; lastKnownFileType = text.plist.entitlements; path = VisionLinkHue.entitlements; sourceTree = "<group>"; };
		0DF2A8F681D0691D16A9793E /* ECDSASignatureValidatorTests.swift */ = {isa = PBXFileReference; lastKnownFileType = sourcecode.swift; path = ECDSASignatureValidatorTests.swift; sourceTree = "<group>"; };
		10DD9885E12B3BE9C49F0AA0 /* ThermalPredictiveModel.swift */ = {isa = PBXFileReference; lastKnownFileType = sourcecode.swift; path = ThermalPredictiveModel.swift; sourceTree = "<group>"; };
		122269A8ED707718B6882AC3 /* SpatialCalibrationPersistenceStore.swift */ = {isa = PBXFileReference; lastKnownFileType = sourcecode.swift; path = SpatialCalibrationPersistenceStore.swift; sourceTree = "<group>"; };
		1421575C5E9232F749767E85 /* CalibrationTests.swift */ = {isa = PBXFileReference; lastKnownFileType = sourcecode.swift; path = CalibrationTests.swift; sourceTree = "<group>"; };
		17770006A71CB50E0CA5A4F9 /* ClusterReticle.swift */ = {isa = PBXFileReference; lastKnownFileType = sourcecode.swift; path = ClusterReticle.swift; sourceTree = "<group>"; };
		1EE09DE6A81D9EFFBBC4B865 /* DetectionSettings.swift */ = {isa = PBXFileReference; lastKnownFileType = sourcecode.swift; path = DetectionSettings.swift; sourceTree = "<group>"; };
		1F0AABA3866CBBC06D7C2A5F /* HueDiscoveryService.swift */ = {isa = PBXFileReference; lastKnownFileType = sourcecode.swift; path = HueDiscoveryService.swift; sourceTree = "<group>"; };
		20229124698A9076EB0AC0B5 /* LiquidGlassHUD.swift */ = {isa = PBXFileReference; lastKnownFileType = sourcecode.swift; path = LiquidGlassHUD.swift; sourceTree = "<group>"; };
		20436443E97ED90C6AA2852D /* MockHueClient.swift */ = {isa = PBXFileReference; lastKnownFileType = sourcecode.swift; path = MockHueClient.swift; sourceTree = "<group>"; };
		20BC691405C21EED97AAC775 /* MatterBridgeService.swift */ = {isa = PBXFileReference; lastKnownFileType = sourcecode.swift; path = MatterBridgeService.swift; sourceTree = "<group>"; };
		20DB8494CEEFC9191994C867 /* SSEStressTests.swift */ = {isa = PBXFileReference; lastKnownFileType = sourcecode.swift; path = SSEStressTests.swift; sourceTree = "<group>"; };
		265706314D8CA066D282077E /* HueModels.swift */ = {isa = PBXFileReference; lastKnownFileType = sourcecode.swift; path = HueModels.swift; sourceTree = "<group>"; };
		2755C433361F45C3873C5641 /* MetricKitTelemetryService.swift */ = {isa = PBXFileReference; lastKnownFileType = sourcecode.swift; path = MetricKitTelemetryService.swift; sourceTree = "<group>"; };
		27CF45B419A50697200CF344 /* SpatialProjector.swift */ = {isa = PBXFileReference; lastKnownFileType = sourcecode.swift; path = SpatialProjector.swift; sourceTree = "<group>"; };
		297E5CEFCA8E13FA709DCF03 /* MatterBridgeFallbackTests.swift */ = {isa = PBXFileReference; lastKnownFileType = sourcecode.swift; path = MatterBridgeFallbackTests.swift; sourceTree = "<group>"; };
		2A0F3DECD166E82A3F0B1149 /* CameraConfigurationProvider.swift */ = {isa = PBXFileReference; lastKnownFileType = sourcecode.swift; path = CameraConfigurationProvider.swift; sourceTree = "<group>"; };
		2B3D50FB43127DD0E2C682A2 /* WorldMapPersistenceTests.swift */ = {isa = PBXFileReference; lastKnownFileType = sourcecode.swift; path = WorldMapPersistenceTests.swift; sourceTree = "<group>"; };
		2B5513B637FCA1D67EE778A8 /* RelocalizationGuide.swift */ = {isa = PBXFileReference; lastKnownFileType = sourcecode.swift; path = RelocalizationGuide.swift; sourceTree = "<group>"; };
		2FEED54E9BED2EDF0DDAF8EE /* ScenePickerView.swift */ = {isa = PBXFileReference; lastKnownFileType = sourcecode.swift; path = ScenePickerView.swift; sourceTree = "<group>"; };
		353122385FEC30FA619546EA /* HueStateStreamPerformanceTests.swift */ = {isa = PBXFileReference; lastKnownFileType = sourcecode.swift; path = HueStateStreamPerformanceTests.swift; sourceTree = "<group>"; };
		38F7EE4EE247B64F3F5EA4A9 /* HueClient.swift */ = {isa = PBXFileReference; lastKnownFileType = sourcecode.swift; path = HueClient.swift; sourceTree = "<group>"; };
		3AFA647508BF564F9F9FA5F6 /* classification_rules.json */ = {isa = PBXFileReference; lastKnownFileType = text.json; path = classification_rules.json; sourceTree = "<group>"; };
		3C335738BF98D285F3B340B8 /* GramSchmidtNaNProtectionTests.swift */ = {isa = PBXFileReference; lastKnownFileType = sourcecode.swift; path = GramSchmidtNaNProtectionTests.swift; sourceTree = "<group>"; };
		3F9DCCC892C073529129A8F7 /* Extensions.swift */ = {isa = PBXFileReference; lastKnownFileType = sourcecode.swift; path = Extensions.swift; sourceTree = "<group>"; };
		42E513DE585187B5BC0098AA /* VisionLinkHueApp.swift */ = {isa = PBXFileReference; lastKnownFileType = sourcecode.swift; path = VisionLinkHueApp.swift; sourceTree = "<group>"; };
		45ED88D4B03AEF9DFD029823 /* DetectionSettingsTests.swift */ = {isa = PBXFileReference; lastKnownFileType = sourcecode.swift; path = DetectionSettingsTests.swift; sourceTree = "<group>"; };
		48B0DA266EEF8EEE48436F1E /* CalibrationPersistenceTests.swift */ = {isa = PBXFileReference; lastKnownFileType = sourcecode.swift; path = CalibrationPersistenceTests.swift; sourceTree = "<group>"; };
		49DA178056BF1F365DB4D2C5 /* DetectionEngineTests.swift */ = {isa = PBXFileReference; lastKnownFileType = sourcecode.swift; path = DetectionEngineTests.swift; sourceTree = "<group>"; };
		4A9DA36AF8AE778FD3621488 /* RelocalizationGuideTests.swift */ = {isa = PBXFileReference; lastKnownFileType = sourcecode.swift; path = RelocalizationGuideTests.swift; sourceTree = "<group>"; };
		4E5F4C5DF71284345BD091CC /* MaterialIndexMappingTests.swift */ = {isa = PBXFileReference; lastKnownFileType = sourcecode.swift; path = MaterialIndexMappingTests.swift; sourceTree = "<group>"; };
		56EE0D9643F5FC4D3C0A2568 /* CoreMLFallbackMemoryPressureTests.swift */ = {isa = PBXFileReference; lastKnownFileType = sourcecode.swift; path = CoreMLFallbackMemoryPressureTests.swift; sourceTree = "<group>"; };
		63D52FBF9BEA54F3BB00A0A2 /* ARViewContainer.swift */ = {isa = PBXFileReference; lastKnownFileType = sourcecode.swift; path = ARViewContainer.swift; sourceTree = "<group>"; };
		649D84142EDDA63961A9D8A8 /* LocalSyncActorTests.swift */ = {isa = PBXFileReference; lastKnownFileType = sourcecode.swift; path = LocalSyncActorTests.swift; sourceTree = "<group>"; };
		6576F829EEB4F3A614EFEF1E /* FixturePersistenceContextTests.swift */ = {isa = PBXFileReference; lastKnownFileType = sourcecode.swift; path = FixturePersistenceContextTests.swift; sourceTree = "<group>"; };
		67293D64B00DBCFB19C2638F /* CloudKitPersistenceTests.swift */ = {isa = PBXFileReference; lastKnownFileType = sourcecode.swift; path = CloudKitPersistenceTests.swift; sourceTree = "<group>"; };
		6AC852A1ABA2800CBC15316A /* GestureManager.swift */ = {isa = PBXFileReference; lastKnownFileType = sourcecode.swift; path = GestureManager.swift; sourceTree = "<group>"; };
		6B4136600B738D9973D35B21 /* Constants.swift */ = {isa = PBXFileReference; lastKnownFileType = sourcecode.swift; path = Constants.swift; sourceTree = "<group>"; };
		6D899B1974A2D5435E334510 /* MatterLightController.swift */ = {isa = PBXFileReference; lastKnownFileType = sourcecode.swift; path = MatterLightController.swift; sourceTree = "<group>"; };
		6E443EB84995113663DCA191 /* BridgeDiscoveryView.swift */ = {isa = PBXFileReference; lastKnownFileType = sourcecode.swift; path = BridgeDiscoveryView.swift; sourceTree = "<group>"; };
		6F602CDBD2A936AAA555F9B8 /* FixtureHeuristicClassifier.swift */ = {isa = PBXFileReference; lastKnownFileType = sourcecode.swift; path = FixtureHeuristicClassifier.swift; sourceTree = "<group>"; };
		6FBE4ED0D7F289735CA52155 /* ViewAttachmentComponents.swift */ = {isa = PBXFileReference; lastKnownFileType = sourcecode.swift; path = ViewAttachmentComponents.swift; sourceTree = "<group>"; };
		705489F3F2BF68688FA1975B /* SpatialProjectorTests.swift */ = {isa = PBXFileReference; lastKnownFileType = sourcecode.swift; path = SpatialProjectorTests.swift; sourceTree = "<group>"; };
		739277B1DF73E0D2F4836BF3 /* SpatialDataPurgeServiceTests.swift */ = {isa = PBXFileReference; lastKnownFileType = sourcecode.swift; path = SpatialDataPurgeServiceTests.swift; sourceTree = "<group>"; };
		7440109DBB64D611479021C3 /* RelocalizationMonitoringService.swift */ = {isa = PBXFileReference; lastKnownFileType = sourcecode.swift; path = RelocalizationMonitoringService.swift; sourceTree = "<group>"; };
		75B7B6055290E9EA88D71E02 /* MetricKitTelemetryTests.swift */ = {isa = PBXFileReference; lastKnownFileType = sourcecode.swift; path = MetricKitTelemetryTests.swift; sourceTree = "<group>"; };
		77C3C0947E5619E680836273 /* HueControlPanel.swift */ = {isa = PBXFileReference; lastKnownFileType = sourcecode.swift; path = HueControlPanel.swift; sourceTree = "<group>"; };
		788CFC6CAFD604FC2DE4DF7A /* FixtureHeuristicClassifierTests.swift */ = {isa = PBXFileReference; lastKnownFileType = sourcecode.swift; path = FixtureHeuristicClassifierTests.swift; sourceTree = "<group>"; };
		7A39A6EC77FFD97AEFFE2898 /* SpatialInputHandler.swift */ = {isa = PBXFileReference; lastKnownFileType = sourcecode.swift; path = SpatialInputHandler.swift; sourceTree = "<group>"; };
		7B637C2074DF0C87C8D4BE6A /* FixtureHeuristicClassifierSafeRangeTests.swift */ = {isa = PBXFileReference; lastKnownFileType = sourcecode.swift; path = FixtureHeuristicClassifierSafeRangeTests.swift; sourceTree = "<group>"; };
		7BD4020BBE9F66E6C7A12BF4 /* HueStateStream.swift */ = {isa = PBXFileReference; lastKnownFileType = sourcecode.swift; path = HueStateStream.swift; sourceTree = "<group>"; };
		85DB4B54E6CDAD53C3C96DD4 /* FixtureIntentClassifier.swift */ = {isa = PBXFileReference; lastKnownFileType = sourcecode.swift; path = FixtureIntentClassifier.swift; sourceTree = "<group>"; };
		89294897435D7BE69BE6D10D /* ManualPlacementView.swift */ = {isa = PBXFileReference; lastKnownFileType = sourcecode.swift; path = ManualPlacementView.swift; sourceTree = "<group>"; };
		8C7CFE88E1083C9D9ADC6DE6 /* KeychainManager.swift */ = {isa = PBXFileReference; lastKnownFileType = sourcecode.swift; path = KeychainManager.swift; sourceTree = "<group>"; };
		9300CC0E91CE9F4826A9E796 /* ThermalMonitor.swift */ = {isa = PBXFileReference; lastKnownFileType = sourcecode.swift; path = ThermalMonitor.swift; sourceTree = "<group>"; };
		96D1F0A19DAE29DCB42DFB09 /* AppContainerTests.swift */ = {isa = PBXFileReference; lastKnownFileType = sourcecode.swift; path = AppContainerTests.swift; sourceTree = "<group>"; };
		9899A9F3D45F6092CA1C01E7 /* QuadrantStorageTests.swift */ = {isa = PBXFileReference; lastKnownFileType = sourcecode.swift; path = QuadrantStorageTests.swift; sourceTree = "<group>"; };
		98E97358C8FE198BCF090646 /* FixtureReticle.swift */ = {isa = PBXFileReference; lastKnownFileType = sourcecode.swift; path = FixtureReticle.swift; sourceTree = "<group>"; };
		9A04FE47AED193FE58A7AC30 /* SpatialMath.swift */ = {isa = PBXFileReference; lastKnownFileType = sourcecode.swift; path = SpatialMath.swift; sourceTree = "<group>"; };
		9CA41627C989633924FC9E30 /* CoreMLIntentClassifierTests.swift */ = {isa = PBXFileReference; lastKnownFileType = sourcecode.swift; path = CoreMLIntentClassifierTests.swift; sourceTree = "<group>"; };
		9CE92603AC101635A493CC61 /* NeuralSurfaceMaterialClassifier.swift */ = {isa = PBXFileReference; lastKnownFileType = sourcecode.swift; path = NeuralSurfaceMaterialClassifier.swift; sourceTree = "<group>"; };
		9D266CDCD5004FE423C142F9 /* GestureManagerTests.swift */ = {isa = PBXFileReference; lastKnownFileType = sourcecode.swift; path = GestureManagerTests.swift; sourceTree = "<group>"; };
		9E5E8EEB1B69F992D330E955 /* FixtureMapping.swift */ = {isa = PBXFileReference; lastKnownFileType = sourcecode.swift; path = FixtureMapping.swift; sourceTree = "<group>"; };
		9FF43A6D23F49BADFF951607 /* AppContainer.swift */ = {isa = PBXFileReference; lastKnownFileType = sourcecode.swift; path = AppContainer.swift; sourceTree = "<group>"; };
		A0D1087AA290C599B6DA95FF /* MatterDiscoveryService.swift */ = {isa = PBXFileReference; lastKnownFileType = sourcecode.swift; path = MatterDiscoveryService.swift; sourceTree = "<group>"; };

		A58A999810DADAC4665355D9 /* CertificatePinningDelegate.swift */ = {isa = PBXFileReference; lastKnownFileType = sourcecode.swift; path = CertificatePinningDelegate.swift; sourceTree = "<group>"; };
		A63E0729E60D33BA5A1C2A23 /* ObjectAnchorPersistenceService.swift */ = {isa = PBXFileReference; lastKnownFileType = sourcecode.swift; path = ObjectAnchorPersistenceService.swift; sourceTree = "<group>"; };

		B170F7B2DE2BA142375D566A /* DepthAnalysis.metal */ = {isa = PBXFileReference; lastKnownFileType = sourcecode.metal; path = DepthAnalysis.metal; sourceTree = "<group>"; };
		B1A3088B6BD175CE1AE5D13D /* HueEventStreamActor.swift */ = {isa = PBXFileReference; lastKnownFileType = sourcecode.swift; path = HueEventStreamActor.swift; sourceTree = "<group>"; };
		B6CC7C6072CFA6D940C3DBA3 /* VisionLinkHueTests.xctest */ = {isa = PBXFileReference; explicitFileType = wrapper.cfbundle; includeInIndex = 0; path = VisionLinkHueTests.xctest; sourceTree = BUILT_PRODUCTS_DIR; };
		B908D5AA1D7FF12E6183A179 /* CloudKitSyncTests.swift */ = {isa = PBXFileReference; lastKnownFileType = sourcecode.swift; path = CloudKitSyncTests.swift; sourceTree = "<group>"; };
		BCC4DF9289B0317D2328C8D0 /* NetworkPartitionSimulationTests.swift */ = {isa = PBXFileReference; lastKnownFileType = sourcecode.swift; path = NetworkPartitionSimulationTests.swift; sourceTree = "<group>"; };
		BCD263062DA119E21F6562DC /* HueSpatialService.swift */ = {isa = PBXFileReference; lastKnownFileType = sourcecode.swift; path = HueSpatialService.swift; sourceTree = "<group>"; };
		C3773D6FD40A1D0C05AB37AA /* Assets.xcassets */ = {isa = PBXFileReference; lastKnownFileType = folder.assetcatalog; path = Assets.xcassets; sourceTree = "<group>"; };

		CE3AF9C2519C92FD05483887 /* FixtureModels.swift */ = {isa = PBXFileReference; lastKnownFileType = sourcecode.swift; path = FixtureModels.swift; sourceTree = "<group>"; };
		D2EB75B6F6438D47B0DC3518 /* DetectionEngine.swift */ = {isa = PBXFileReference; lastKnownFileType = sourcecode.swift; path = DetectionEngine.swift; sourceTree = "<group>"; };
		D342A7DCA82DC0F175310AAD /* QuaternionAttributeTransformer.swift */ = {isa = PBXFileReference; lastKnownFileType = sourcecode.swift; path = QuaternionAttributeTransformer.swift; sourceTree = "<group>"; };
		D7A6864D4800313E5E637629 /* Info.plist */ = {isa = PBXFileReference; lastKnownFileType = text.plist; path = Info.plist; sourceTree = "<group>"; };
		D99BF40CD00706299667D92F /* HueNetworkClientProtocol.swift */ = {isa = PBXFileReference; lastKnownFileType = sourcecode.swift; path = HueNetworkClientProtocol.swift; sourceTree = "<group>"; };
		DA918F1B394BBC49BD3E7292 /* HueClientProtocol.swift */ = {isa = PBXFileReference; lastKnownFileType = sourcecode.swift; path = HueClientProtocol.swift; sourceTree = "<group>"; };
		DAFFF1902C936FFC20B66AAD /* VisionLinkHue.app */ = {isa = PBXFileReference; explicitFileType = wrapper.application; includeInIndex = 0; path = VisionLinkHue.app; sourceTree = BUILT_PRODUCTS_DIR; };
		DCCF3CBE0E6613D3E9DF0DFB /* FixturePersistence.swift */ = {isa = PBXFileReference; lastKnownFileType = sourcecode.swift; path = FixturePersistence.swift; sourceTree = "<group>"; };
		DF9FF5ED8521E57492B18C2B /* SpatialMathTests.swift */ = {isa = PBXFileReference; lastKnownFileType = sourcecode.swift; path = SpatialMathTests.swift; sourceTree = "<group>"; };
		E22DA283EADA6F8F003B91F7 /* SpatialClusterEngine.swift */ = {isa = PBXFileReference; lastKnownFileType = sourcecode.swift; path = SpatialClusterEngine.swift; sourceTree = "<group>"; };
		E33BA4B54BABD90C54B4F6BA /* RelocalizationMonitoringServiceTests.swift */ = {isa = PBXFileReference; lastKnownFileType = sourcecode.swift; path = RelocalizationMonitoringServiceTests.swift; sourceTree = "<group>"; };
		E47BA61F9090C83D7B16D92D /* SpatialCalibrationEngine.swift */ = {isa = PBXFileReference; lastKnownFileType = sourcecode.swift; path = SpatialCalibrationEngine.swift; sourceTree = "<group>"; };
		E62F1E5919ACE213F4A3A7C4 /* ECDSASignatureValidator.swift */ = {isa = PBXFileReference; lastKnownFileType = sourcecode.swift; path = ECDSASignatureValidator.swift; sourceTree = "<group>"; };
		E738F816976D6795C3FF3F18 /* FixtureHeuristicClassifierNewTypesTests.swift */ = {isa = PBXFileReference; lastKnownFileType = sourcecode.swift; path = FixtureHeuristicClassifierNewTypesTests.swift; sourceTree = "<group>"; };
		E8C9435878F56BEE60D5335E /* GazeTargetingTests.swift */ = {isa = PBXFileReference; lastKnownFileType = sourcecode.swift; path = GazeTargetingTests.swift; sourceTree = "<group>"; };
		EA904496E2166935941B655A /* ObjectAnchorPersistenceServiceTests.swift */ = {isa = PBXFileReference; lastKnownFileType = sourcecode.swift; path = ObjectAnchorPersistenceServiceTests.swift; sourceTree = "<group>"; };
		EE491F0C0AA7004E5113C687 /* KeychainCalibrationStore.swift */ = {isa = PBXFileReference; lastKnownFileType = sourcecode.swift; path = KeychainCalibrationStore.swift; sourceTree = "<group>"; };
		F0B2F9CD762C0B9580DDD3AD /* ContentView.swift */ = {isa = PBXFileReference; lastKnownFileType = sourcecode.swift; path = ContentView.swift; sourceTree = "<group>"; };
		F43270D560C1B1CD820C485C /* SceneRecallButton.swift */ = {isa = PBXFileReference; lastKnownFileType = sourcecode.swift; path = SceneRecallButton.swift; sourceTree = "<group>"; };
		F5B73F001A0283D4267ABD82 /* SSELifecycleTests.swift */ = {isa = PBXFileReference; lastKnownFileType = sourcecode.swift; path = SSELifecycleTests.swift; sourceTree = "<group>"; };
		F66DF5C2E40EA9D490F25A49 /* PersistenceTests.swift */ = {isa = PBXFileReference; lastKnownFileType = sourcecode.swift; path = PersistenceTests.swift; sourceTree = "<group>"; };

/* End PBXFileReference section */

/* Begin PBXFrameworksBuildPhase section */
		FAFE7EA35014C6F293B635A0 /* Frameworks */ = {
			isa = PBXFrameworksBuildPhase;
			buildActionMask = 2147483647;
			files = (
				AFA4C26C8DB6F955D2B99B48 /* Crypto in Frameworks */,
			);
			runOnlyForDeploymentPostprocessing = 0;
		};
/* End PBXFrameworksBuildPhase section */

/* Begin PBXGroup section */
		1B87872BBF7ABBCA097A5925 /* Config */ = {
			isa = PBXGroup;
			children = (
				3AFA647508BF564F9F9FA5F6 /* classification_rules.json */,
			);
			path = Config;
			sourceTree = "<group>";
		};
		282C6BB4789D27D74858553F /* Services */ = {
			isa = PBXGroup;
			children = (
				DCCF3CBE0E6613D3E9DF0DFB /* FixturePersistence.swift */,
				AD02212544A6B61F0EAC61CA /* LocalSyncActor.swift */,
				A63E0729E60D33BA5A1C2A23 /* ObjectAnchorPersistenceService.swift */,
				2B5513B637FCA1D67EE778A8 /* RelocalizationGuide.swift */,
				7440109DBB64D611479021C3 /* RelocalizationMonitoringService.swift */,
				A55C771E59C7346185039BD4 /* SpatialDataPurgeService.swift */,
				C92FC31D5DC45B0FB3303855 /* SpatialSyncService.swift */,
			);
			path = Services;
			sourceTree = "<group>";
		};
		35BEC28BAA1762B791F5B167 /* Products */ = {
			isa = PBXGroup;
			children = (
				DAFFF1902C936FFC20B66AAD /* VisionLinkHue.app */,
				B6CC7C6072CFA6D940C3DBA3 /* VisionLinkHueTests.xctest */,
			);
			name = Products;
			sourceTree = "<group>";
		};
		417CC75D16E8166249F2C245 /* VisionLinkHue */ = {
			isa = PBXGroup;
			children = (
				1B87872BBF7ABBCA097A5925 /* Config */,
				8002FB63C79BEA6D5670F301 /* Engines */,
				956FA935FFAA80E7B286713B /* Managers */,
				8D3E994FF5034260CB6CD4D5 /* Models */,
				C094563CAACC1D04A0AB2ADB /* Network */,
				E5ECCE44CB247E3377754315 /* Protocols */,
				282C6BB4789D27D74858553F /* Services */,
				B17F4709B0F3C71C4190B39F /* Shaders */,
				F6FF707D23D27FAAC3CFF1DD /* Utilities */,
				807D7E1E9D9096284BDFAE78 /* Views */,
				9FF43A6D23F49BADFF951607 /* AppContainer.swift */,
				42E513DE585187B5BC0098AA /* VisionLinkHueApp.swift */,
			);
			path = VisionLinkHue;
			sourceTree = "<group>";
		};
		8002FB63C79BEA6D5670F301 /* Engines */ = {
			isa = PBXGroup;
			children = (
				D2EB75B6F6438D47B0DC3518 /* DetectionEngine.swift */,
				6F602CDBD2A936AAA555F9B8 /* FixtureHeuristicClassifier.swift */,
				85DB4B54E6CDAD53C3C96DD4 /* FixtureIntentClassifier.swift */,
				38F7EE4EE247B64F3F5EA4A9 /* HueClient.swift */,
				1F0AABA3866CBBC06D7C2A5F /* HueDiscoveryService.swift */,
				B1A3088B6BD175CE1AE5D13D /* HueEventStreamActor.swift */,
				BCD263062DA119E21F6562DC /* HueSpatialService.swift */,
				EE491F0C0AA7004E5113C687 /* KeychainCalibrationStore.swift */,
				20BC691405C21EED97AAC775 /* MatterBridgeService.swift */,
				A0D1087AA290C599B6DA95FF /* MatterDiscoveryService.swift */,
				6D899B1974A2D5435E334510 /* MatterLightController.swift */,
				9CE92603AC101635A493CC61 /* NeuralSurfaceMaterialClassifier.swift */,
				E47BA61F9090C83D7B16D92D /* SpatialCalibrationEngine.swift */,
				122269A8ED707718B6882AC3 /* SpatialCalibrationPersistenceStore.swift */,
				E22DA283EADA6F8F003B91F7 /* SpatialClusterEngine.swift */,
				27CF45B419A50697200CF344 /* SpatialProjector.swift */,
				9300CC0E91CE9F4826A9E796 /* ThermalMonitor.swift */,
				10DD9885E12B3BE9C49F0AA0 /* ThermalPredictiveModel.swift */,
			);
			path = Engines;
			sourceTree = "<group>";
		};
		807D7E1E9D9096284BDFAE78 /* Views */ = {
			isa = PBXGroup;
			children = (
				63D52FBF9BEA54F3BB00A0A2 /* ARViewContainer.swift */,
				6E443EB84995113663DCA191 /* BridgeDiscoveryView.swift */,
				17770006A71CB50E0CA5A4F9 /* ClusterReticle.swift */,
				F0B2F9CD762C0B9580DDD3AD /* ContentView.swift */,
				98E97358C8FE198BCF090646 /* FixtureReticle.swift */,
				08E7992EF63FE19E26EE84A9 /* HUDOverlay.swift */,
				77C3C0947E5619E680836273 /* HueControlPanel.swift */,
				20229124698A9076EB0AC0B5 /* LiquidGlassHUD.swift */,
				89294897435D7BE69BE6D10D /* ManualPlacementView.swift */,
				2FEED54E9BED2EDF0DDAF8EE /* ScenePickerView.swift */,
				F43270D560C1B1CD820C485C /* SceneRecallButton.swift */,
			);
			path = Views;
			sourceTree = "<group>";
		};
		8D3E994FF5034260CB6CD4D5 /* Models */ = {
			isa = PBXGroup;
			children = (
				1EE09DE6A81D9EFFBBC4B865 /* DetectionSettings.swift */,
				9E5E8EEB1B69F992D330E955 /* FixtureMapping.swift */,
				CE3AF9C2519C92FD05483887 /* FixtureModels.swift */,
				265706314D8CA066D282077E /* HueModels.swift */,
				7BD4020BBE9F66E6C7A12BF4 /* HueStateStream.swift */,
				056F30B958C94BB12D242153 /* MatterModels.swift */,
			);
			path = Models;
			sourceTree = "<group>";
		};
		956FA935FFAA80E7B286713B /* Managers */ = {
			isa = PBXGroup;
			children = (
				0038078F889E45E668262CA4 /* ARSessionManager.swift */,
				6AC852A1ABA2800CBC15316A /* GestureManager.swift */,
				7A39A6EC77FFD97AEFFE2898 /* SpatialInputHandler.swift */,
			);
			path = Managers;
			sourceTree = "<group>";
		};
		994AFCF27DF34BBCD2A4204B /* VisionLinkHueTests */ = {
			isa = PBXGroup;
			children = (
				96D1F0A19DAE29DCB42DFB09 /* AppContainerTests.swift */,
				48B0DA266EEF8EEE48436F1E /* CalibrationPersistenceTests.swift */,
				1421575C5E9232F749767E85 /* CalibrationTests.swift */,
				67293D64B00DBCFB19C2638F /* CloudKitPersistenceTests.swift */,
				B908D5AA1D7FF12E6183A179 /* CloudKitSyncTests.swift */,
				56EE0D9643F5FC4D3C0A2568 /* CoreMLFallbackMemoryPressureTests.swift */,
				9CA41627C989633924FC9E30 /* CoreMLIntentClassifierTests.swift */,
				49DA178056BF1F365DB4D2C5 /* DetectionEngineTests.swift */,
				45ED88D4B03AEF9DFD029823 /* DetectionSettingsTests.swift */,
				0DF2A8F681D0691D16A9793E /* ECDSASignatureValidatorTests.swift */,
				E738F816976D6795C3FF3F18 /* FixtureHeuristicClassifierNewTypesTests.swift */,
				7B637C2074DF0C87C8D4BE6A /* FixtureHeuristicClassifierSafeRangeTests.swift */,
				788CFC6CAFD604FC2DE4DF7A /* FixtureHeuristicClassifierTests.swift */,
				6576F829EEB4F3A614EFEF1E /* FixturePersistenceContextTests.swift */,
				E8C9435878F56BEE60D5335E /* GazeTargetingTests.swift */,
				9D266CDCD5004FE423C142F9 /* GestureManagerTests.swift */,
				3C335738BF98D285F3B340B8 /* GramSchmidtNaNProtectionTests.swift */,
				353122385FEC30FA619546EA /* HueStateStreamPerformanceTests.swift */,
				649D84142EDDA63961A9D8A8 /* LocalSyncActorTests.swift */,
				4E5F4C5DF71284345BD091CC /* MaterialIndexMappingTests.swift */,
				297E5CEFCA8E13FA709DCF03 /* MatterBridgeFallbackTests.swift */,
				75B7B6055290E9EA88D71E02 /* MetricKitTelemetryTests.swift */,
				20436443E97ED90C6AA2852D /* MockHueClient.swift */,
				BCC4DF9289B0317D2328C8D0 /* NetworkPartitionSimulationTests.swift */,
				EA904496E2166935941B655A /* ObjectAnchorPersistenceServiceTests.swift */,
				F66DF5C2E40EA9D490F25A49 /* PersistenceTests.swift */,
				9899A9F3D45F6092CA1C01E7 /* QuadrantStorageTests.swift */,
				4A9DA36AF8AE778FD3621488 /* RelocalizationGuideTests.swift */,
				E33BA4B54BABD90C54B4F6BA /* RelocalizationMonitoringServiceTests.swift */,
				739277B1DF73E0D2F4836BF3 /* SpatialDataPurgeServiceTests.swift */,
				DF9FF5ED8521E57492B18C2B /* SpatialMathTests.swift */,
				705489F3F2BF68688FA1975B /* SpatialProjectorTests.swift */,
				FBBF8203E4120722A605B455 /* SpatialSyncServiceTests.swift */,
				F5B73F001A0283D4267ABD82 /* SSELifecycleTests.swift */,
				20DB8494CEEFC9191994C867 /* SSEStressTests.swift */,
				2B3D50FB43127DD0E2C682A2 /* WorldMapPersistenceTests.swift */,
			);
			name = VisionLinkHueTests;
			path = Tests/VisionLinkHueTests;
			sourceTree = "<group>";
		};
		9B2DEE114CF431DF7A46AB69 = {
			isa = PBXGroup;
			children = (
				417CC75D16E8166249F2C245 /* VisionLinkHue */,
				994AFCF27DF34BBCD2A4204B /* VisionLinkHueTests */,
				C3773D6FD40A1D0C05AB37AA /* Assets.xcassets */,
				D7A6864D4800313E5E637629 /* Info.plist */,
				097909EFE4C98C127134A567 /* VisionLinkHue.entitlements */,
				35BEC28BAA1762B791F5B167 /* Products */,
			);
			sourceTree = "<group>";
		};
		B17F4709B0F3C71C4190B39F /* Shaders */ = {
			isa = PBXGroup;
			children = (
				B170F7B2DE2BA142375D566A /* DepthAnalysis.metal */,
			);
			path = Shaders;
			sourceTree = "<group>";
		};
		C094563CAACC1D04A0AB2ADB /* Network */ = {
			isa = PBXGroup;
			children = (
				A58A999810DADAC4665355D9 /* CertificatePinningDelegate.swift */,
			);
			path = Network;
			sourceTree = "<group>";
		};
		E5ECCE44CB247E3377754315 /* Protocols */ = {
			isa = PBXGroup;
			children = (
				DA918F1B394BBC49BD3E7292 /* HueClientProtocol.swift */,
				D99BF40CD00706299667D92F /* HueNetworkClientProtocol.swift */,
			);
			path = Protocols;
			sourceTree = "<group>";
		};
		F6FF707D23D27FAAC3CFF1DD /* Utilities */ = {
			isa = PBXGroup;
			children = (
				2A0F3DECD166E82A3F0B1149 /* CameraConfigurationProvider.swift */,
				6B4136600B738D9973D35B21 /* Constants.swift */,
				E62F1E5919ACE213F4A3A7C4 /* ECDSASignatureValidator.swift */,
				3F9DCCC892C073529129A8F7 /* Extensions.swift */,
				8C7CFE88E1083C9D9ADC6DE6 /* KeychainManager.swift */,
				2755C433361F45C3873C5641 /* MetricKitTelemetryService.swift */,
				D342A7DCA82DC0F175310AAD /* QuaternionAttributeTransformer.swift */,
				9A04FE47AED193FE58A7AC30 /* SpatialMath.swift */,
				6FBE4ED0D7F289735CA52155 /* ViewAttachmentComponents.swift */,
			);
			path = Utilities;
			sourceTree = "<group>";
		};
/* End PBXGroup section */

/* Begin PBXNativeTarget section */
		2E5A85BD823C530810EA4A14 /* VisionLinkHueTests */ = {
			isa = PBXNativeTarget;
			buildConfigurationList = E27E6353AFB8D403618B6CC3 /* Build configuration list for PBXNativeTarget "VisionLinkHueTests" */;
			buildPhases = (
				3702C0BFC870D2BCEC2F4EC4 /* Sources */,
			);
			buildRules = (
			);
			dependencies = (
				FCD809FEC51E1F385BEEF460 /* PBXTargetDependency */,
			);
			name = VisionLinkHueTests;
			packageProductDependencies = (
			);
			productName = VisionLinkHueTests;
			productReference = B6CC7C6072CFA6D940C3DBA3 /* VisionLinkHueTests.xctest */;
			productType = "com.apple.product-type.bundle.unit-test";
		};
		C9357F068FD12CB86F48FEFD /* VisionLinkHue */ = {
			isa = PBXNativeTarget;
			buildConfigurationList = C83D30D676C6E37FEFDA7335 /* Build configuration list for PBXNativeTarget "VisionLinkHue" */;
			buildPhases = (
				C5D1D1628778AD3731DCD83E /* Sources */,
				AB6EF97FAB2A017C138B6763 /* Resources */,
				FAFE7EA35014C6F293B635A0 /* Frameworks */,
			);
			buildRules = (
			);
			dependencies = (
			);
			name = VisionLinkHue;
			packageProductDependencies = (
				889F1532732AE0ED5BF3BE5B /* Crypto */,
			);
			productName = VisionLinkHue;
			productReference = DAFFF1902C936FFC20B66AAD /* VisionLinkHue.app */;
			productType = "com.apple.product-type.application";
		};
/* End PBXNativeTarget section */

/* Begin PBXProject section */
		D9FB3B583B9DCE05B48D2757 /* Project object */ = {
			isa = PBXProject;
			attributes = {
				BuildIndependentTargetsInParallel = YES;
				LastUpgradeCheck = 1700;
			};
			buildConfigurationList = E6C8BBA3F05C332272A66BAF /* Build configuration list for PBXProject "VisionLinkHue" */;
			developmentRegion = en;
			hasScannedForEncodings = 0;
			knownRegions = (
				Base,
				en,
			);
			mainGroup = 9B2DEE114CF431DF7A46AB69;
			minimizedProjectReferenceProxies = 1;
			packageReferences = (
				7986CCEB8B4601E7F9B3F325 /* XCRemoteSwiftPackageReference "swift-crypto" */,
			);
			preferredProjectObjectVersion = 77;
			productRefGroup = 35BEC28BAA1762B791F5B167 /* Products */;
			projectDirPath = "";
			projectRoot = "";
			targets = (
				C9357F068FD12CB86F48FEFD /* VisionLinkHue */,
				2E5A85BD823C530810EA4A14 /* VisionLinkHueTests */,
			);
		};
/* End PBXProject section */

/* Begin PBXResourcesBuildPhase section */
		AB6EF97FAB2A017C138B6763 /* Resources */ = {
			isa = PBXResourcesBuildPhase;
			buildActionMask = 2147483647;
			files = (
				E022D466C4C4BF2014F6D6D8 /* Assets.xcassets in Resources */,
				181096DD07FCC8886791A171 /* classification_rules.json in Resources */,
			);
			runOnlyForDeploymentPostprocessing = 0;
		};
/* End PBXResourcesBuildPhase section */

/* Begin PBXSourcesBuildPhase section */
		3702C0BFC870D2BCEC2F4EC4 /* Sources */ = {
			isa = PBXSourcesBuildPhase;
			buildActionMask = 2147483647;
			files = (
				15DA7F75E0028C4529E5B641 /* AppContainerTests.swift in Sources */,
				0967B58695C9BA4DF9C463FA /* CalibrationPersistenceTests.swift in Sources */,
				338734094F83463E10A63B48 /* CalibrationTests.swift in Sources */,
				613B98CA54DB674EC90D4519 /* CloudKitPersistenceTests.swift in Sources */,
				6BBB4D236CBC177B5BFCB112 /* CloudKitSyncTests.swift in Sources */,
				AA634CD3948022E544293864 /* CoreMLFallbackMemoryPressureTests.swift in Sources */,
				05578B159BCC81355FCD946C /* CoreMLIntentClassifierTests.swift in Sources */,
				ADA2735170B0F5910CFF8F59 /* DetectionEngineTests.swift in Sources */,
				BECE227F748EB723A042919A /* DetectionSettingsTests.swift in Sources */,
				13215C0315CC80D67F8DFA58 /* ECDSASignatureValidatorTests.swift in Sources */,
				3EA44BBC2C62713CAC3783A4 /* FixtureHeuristicClassifierNewTypesTests.swift in Sources */,
				F625796960C8A1071CF0B17F /* FixtureHeuristicClassifierSafeRangeTests.swift in Sources */,
				6F8832B09A2529FF44500541 /* FixtureHeuristicClassifierTests.swift in Sources */,
				E72953C587570A131A6BC0F4 /* FixturePersistenceContextTests.swift in Sources */,
				EB73F17300BF1941C679DD9B /* GazeTargetingTests.swift in Sources */,
				FBBEF8AB2333181EFAF387EF /* GestureManagerTests.swift in Sources */,
				012E4D0AB5650FC1011E9B38 /* GramSchmidtNaNProtectionTests.swift in Sources */,
				5509FAE1D0EBCF149AC39D4A /* HueStateStreamPerformanceTests.swift in Sources */,
				CEF21FF7EEDD731A5985C0FF /* LocalSyncActorTests.swift in Sources */,
				347DF421084E97162E882397 /* MaterialIndexMappingTests.swift in Sources */,
				E3DE2410738AA93612CEF02D /* MatterBridgeFallbackTests.swift in Sources */,
				24A3D31BAEAACB55C3A48D20 /* MetricKitTelemetryTests.swift in Sources */,
				BD1754EB51AAA94D737475F2 /* MockHueClient.swift in Sources */,
				33B134491AC33860CF58B2AA /* NetworkPartitionSimulationTests.swift in Sources */,
				B4982781F22B734388396392 /* ObjectAnchorPersistenceServiceTests.swift in Sources */,
				62A8605DB3263A88A0BCCCB5 /* PersistenceTests.swift in Sources */,
				86AEF636508614FBF1E7997C /* QuadrantStorageTests.swift in Sources */,
				526AC233EDBC43B19CF50F8C /* RelocalizationGuideTests.swift in Sources */,
				53B7F783FF3B539180DC3377 /* RelocalizationMonitoringServiceTests.swift in Sources */,
				06ABF50A4BDFDB52963FCE5F /* SSELifecycleTests.swift in Sources */,
				D3E87C8ACC7E85F0AD8D544C /* SSEStressTests.swift in Sources */,
				F7ED96DBF7652D82F4ADED78 /* SpatialDataPurgeServiceTests.swift in Sources */,
				C35A9803FA2101A929F1E93E /* SpatialMathTests.swift in Sources */,
				29BA3BD4BA9E48D3E85CF905 /* SpatialProjectorTests.swift in Sources */,
				4771EB5EBD167CB9E9939D24 /* SpatialSyncServiceTests.swift in Sources */,
				4EE8763AC025315E004CE3C5 /* WorldMapPersistenceTests.swift in Sources */,
			);
			runOnlyForDeploymentPostprocessing = 0;
		};
		C5D1D1628778AD3731DCD83E /* Sources */ = {
			isa = PBXSourcesBuildPhase;
			buildActionMask = 2147483647;
			files = (
				CBB5FDACB767159363B36302 /* ARSessionManager.swift in Sources */,
				D1493CA94B784A5627A4D4CC /* ARViewContainer.swift in Sources */,
				5CA7EBD724AAD3679E29F802 /* AppContainer.swift in Sources */,
				32CF656269CE2229B491F8DB /* BridgeDiscoveryView.swift in Sources */,
				AFB64174389CA2083EC430A1 /* CameraConfigurationProvider.swift in Sources */,
				4E8D4846FAB8B6DC24F909B5 /* CertificatePinningDelegate.swift in Sources */,
				09D3459ADD64865569B3F730 /* ClusterReticle.swift in Sources */,
				94786EF9EBC77ECF7FD7E7AA /* Constants.swift in Sources */,
				7335AB60C3C527C53294FAD3 /* ContentView.swift in Sources */,
				864A1DD1D2983027BE0564F7 /* DepthAnalysis.metal in Sources */,
				A419B6FCA9A50F54908E3943 /* DetectionEngine.swift in Sources */,
				D8365E3E0A832258B4B67E07 /* DetectionSettings.swift in Sources */,
				D76B100C8BD6228CAEC236F4 /* ECDSASignatureValidator.swift in Sources */,
				FEA584A66F891C2B0F182DEE /* Extensions.swift in Sources */,
				73AC28EA9E04D8AAEFB51CC4 /* FixtureHeuristicClassifier.swift in Sources */,
				35241CBE47847607497D345C /* FixtureIntentClassifier.swift in Sources */,
				0AC7C10CE6B0DC77312C87ED /* FixtureMapping.swift in Sources */,
				93733C0DBB56E68BEA6BA70C /* FixtureModels.swift in Sources */,
				23BAF78E0C0819A4C9FEC78F /* FixturePersistence.swift in Sources */,
				7E56506D8990A271C15C25CE /* FixtureReticle.swift in Sources */,
				C539E5B9D2777D1EBD12EEEF /* GestureManager.swift in Sources */,
				F897E4F964A89C76FB832BAD /* HUDOverlay.swift in Sources */,
				6007944BF9ABED62B06E5F4F /* HueClient.swift in Sources */,
				C3F32E9354AB32F1879F2789 /* HueClientProtocol.swift in Sources */,
				3765CCE937030AAF783682C8 /* HueControlPanel.swift in Sources */,
				AA3A2E8FB0F991B5A65BF372 /* HueDiscoveryService.swift in Sources */,
				F4CCEC981BB611E0E3D7812D /* HueEventStreamActor.swift in Sources */,
				CD92A32B79565AAB54CD28C7 /* HueModels.swift in Sources */,
				6C5C4ADB0E0E63747FF8F6BE /* HueNetworkClientProtocol.swift in Sources */,
				0B59691B20EBAFA0B3A10C42 /* HueSpatialService.swift in Sources */,
				17FE64294D6E1CF17EAC0579 /* HueStateStream.swift in Sources */,
				99179244D0CC22CF7A0D1598 /* KeychainCalibrationStore.swift in Sources */,
				B0FD97156859E176C54B288F /* KeychainManager.swift in Sources */,
				828E5F737EDCD2FA4D368DAE /* LiquidGlassHUD.swift in Sources */,
				33448964B4084256F8314494 /* LocalSyncActor.swift in Sources */,
				A4A2F668534A1812B3BB567B /* ManualPlacementView.swift in Sources */,
				AB38145C91591010F7D20E59 /* MatterBridgeService.swift in Sources */,
				3D0E1BCDAC3C3D6D274EE4FA /* MatterDiscoveryService.swift in Sources */,
				13EFF1A9A0447E96AD3B2F5F /* MatterLightController.swift in Sources */,
				1DA9C9E3614B9EF160E7D643 /* MatterModels.swift in Sources */,
				A69057D2E31E1E5148AEB633 /* MetricKitTelemetryService.swift in Sources */,
				5B54D9CC07C518AC20424DEB /* NeuralSurfaceMaterialClassifier.swift in Sources */,
				0244E2D75C75254B0DC625C4 /* ObjectAnchorPersistenceService.swift in Sources */,
				E3A0D9831BB808C6CB4B3C52 /* QuaternionAttributeTransformer.swift in Sources */,
				87E7477B0C89DB69AE0E5839 /* RelocalizationGuide.swift in Sources */,
				57CFB6CAFC01F004E5CE9DA6 /* RelocalizationMonitoringService.swift in Sources */,
				B093D1DB4970EFA16ACA4B4F /* ScenePickerView.swift in Sources */,
				DE8E12A879EC29E57D360BE2 /* SceneRecallButton.swift in Sources */,
				532949754C9D06A1539ABF00 /* SpatialCalibrationEngine.swift in Sources */,
				969BEEE2637704A74A043D4D /* SpatialCalibrationPersistenceStore.swift in Sources */,
				9674C7B1524AF0BEB3FDF291 /* SpatialClusterEngine.swift in Sources */,
				704ED179E578DD4ECB03DDD3 /* SpatialDataPurgeService.swift in Sources */,
				B17E8F67EC750B5A66AD65EA /* SpatialInputHandler.swift in Sources */,
				4EBD8F5E9DC7711DC5B9505A /* SpatialMath.swift in Sources */,
				11B44BA2FD7378C702D08504 /* SpatialProjector.swift in Sources */,
				82A00BA19AA2ED6F0EAD672F /* SpatialSyncService.swift in Sources */,
				D055E50E8821ED13BDBE6B56 /* ThermalMonitor.swift in Sources */,
				DED7C459DB4410E825E3379A /* ThermalPredictiveModel.swift in Sources */,
				E2BD477639C1EA188179A645 /* ViewAttachmentComponents.swift in Sources */,
				641D1BC8A6308149CC1A7ACC /* VisionLinkHueApp.swift in Sources */,
			);
			runOnlyForDeploymentPostprocessing = 0;
		};
/* End PBXSourcesBuildPhase section */

/* Begin PBXTargetDependency section */
		FCD809FEC51E1F385BEEF460 /* PBXTargetDependency */ = {
			isa = PBXTargetDependency;
			target = C9357F068FD12CB86F48FEFD /* VisionLinkHue */;
			targetProxy = 48526C643EFF335B769FB415 /* PBXContainerItemProxy */;
		};
/* End PBXTargetDependency section */

/* Begin XCBuildConfiguration section */
		1528D2035EDD2F8A9EE1CD11 /* Debug */ = {
			isa = XCBuildConfiguration;
			buildSettings = {
				BUNDLE_LOADER = "$(TEST_HOST)";
				DEVELOPMENT_TEAM = YBXGDD5754;
				GENERATE_INFOPLIST_FILE = YES;
				LD_RUNPATH_SEARCH_PATHS = (
					"$(inherited)",
					"@executable_path/Frameworks",
					"@loader_path/Frameworks",
				);
				PRODUCT_BUNDLE_IDENTIFIER = com.visionlinkhue.VisionLinkHueTests;
				SDKROOT = iphoneos;
				SWIFT_VERSION = 6.3;
				TARGETED_DEVICE_FAMILY = "1,2";
				TEST_HOST = "$(BUILT_PRODUCTS_DIR)/VisionLinkHue.app/VisionLinkHue";
			};
			name = Debug;
		};
		22C431F3A861A75EA3365C20 /* Debug */ = {
			isa = XCBuildConfiguration;
			buildSettings = {
				ASSETCATALOG_COMPILER_APPICON_NAME = AppIcon;
				CODE_SIGN_IDENTITY = "iPhone Developer";
				DEVELOPMENT_TEAM = YBXGDD5754;
				ENTITLEMENTS_DIRECTORY = .;
				ENTITLEMENTS_FILENAME = VisionLinkHue.entitlements;
				INFOPLIST_FILE = Info.plist;
				LD_RUNPATH_SEARCH_PATHS = (
					"$(inherited)",
					"@executable_path/Frameworks",
				);
				PRODUCT_BUNDLE_IDENTIFIER = com.visionlinkhue.VisionLinkHue;
				SDKROOT = iphoneos;
				SWIFT_VERSION = 6.3;
				TARGETED_DEVICE_FAMILY = "1,2";
			};
			name = Debug;
		};
		9A8A1A52047758ECC596980C /* Release */ = {
			isa = XCBuildConfiguration;
			buildSettings = {
				ALWAYS_SEARCH_USER_PATHS = NO;
				CLANG_ANALYZER_NONNULL = YES;
				CLANG_ANALYZER_NUMBER_OBJECT_CONVERSION = YES_AGGRESSIVE;
				CLANG_CXX_LANGUAGE_STANDARD = "gnu++14";
				CLANG_CXX_LIBRARY = "libc++";
				CLANG_ENABLE_MODULES = YES;
				CLANG_ENABLE_OBJC_ARC = YES;
				CLANG_ENABLE_OBJC_WEAK = YES;
				CLANG_WARN_BLOCK_CAPTURE_AUTORELEASING = YES;
				CLANG_WARN_BOOL_CONVERSION = YES;
				CLANG_WARN_COMMA = YES;
				CLANG_WARN_CONSTANT_CONVERSION = YES;
				CLANG_WARN_DEPRECATED_OBJC_IMPLEMENTATIONS = YES;
				CLANG_WARN_DIRECT_OBJC_ISA_USAGE = YES_ERROR;
				CLANG_WARN_DOCUMENTATION_COMMENTS = YES;
				CLANG_WARN_EMPTY_BODY = YES;
				CLANG_WARN_ENUM_CONVERSION = YES;
				CLANG_WARN_INFINITE_RECURSION = YES;
				CLANG_WARN_INT_CONVERSION = YES;
				CLANG_WARN_NON_LITERAL_NULL_CONVERSION = YES;
				CLANG_WARN_OBJC_IMPLICIT_RETAIN_SELF = YES;
				CLANG_WARN_OBJC_LITERAL_CONVERSION = YES;
				CLANG_WARN_OBJC_ROOT_CLASS = YES_ERROR;
				CLANG_WARN_QUOTED_INCLUDE_IN_FRAMEWORK_HEADER = YES;
				CLANG_WARN_RANGE_LOOP_ANALYSIS = YES;
				CLANG_WARN_STRICT_PROTOTYPES = YES;
				CLANG_WARN_SUSPICIOUS_MOVE = YES;
				CLANG_WARN_UNGUARDED_AVAILABILITY = YES_AGGRESSIVE;
				CLANG_WARN_UNREACHABLE_CODE = YES;
				CLANG_WARN__DUPLICATE_METHOD_MATCH = YES;
				COPY_PHASE_STRIP = NO;
				DEBUG_INFORMATION_FORMAT = "dwarf-with-dsym";
				ENABLE_NS_ASSERTIONS = NO;
				ENABLE_STRICT_OBJC_MSGSEND = YES;
				GCC_C_LANGUAGE_STANDARD = gnu11;
				GCC_NO_COMMON_BLOCKS = YES;
				GCC_WARN_64_TO_32_BIT_CONVERSION = YES;
				GCC_WARN_ABOUT_RETURN_TYPE = YES_ERROR;
				GCC_WARN_UNDECLARED_SELECTOR = YES;
				GCC_WARN_UNINITIALIZED_AUTOS = YES_AGGRESSIVE;
				GCC_WARN_UNUSED_FUNCTION = YES;
				GCC_WARN_UNUSED_VARIABLE = YES;
				IPHONEOS_DEPLOYMENT_TARGET = 26.0;
				MTL_ENABLE_DEBUG_INFO = NO;
				MTL_FAST_MATH = YES;
				PRODUCT_NAME = "$(TARGET_NAME)";
				SDKROOT = iphoneos;
				SWIFT_COMPILATION_MODE = wholemodule;
				SWIFT_OPTIMIZATION_LEVEL = "-O";
				SWIFT_VERSION = 5.0;
			};
			name = Release;
		};
		C329268CA9A730DAED7024A6 /* Debug */ = {
			isa = XCBuildConfiguration;
			buildSettings = {
				ALWAYS_SEARCH_USER_PATHS = NO;
				CLANG_ANALYZER_NONNULL = YES;
				CLANG_ANALYZER_NUMBER_OBJECT_CONVERSION = YES_AGGRESSIVE;
				CLANG_CXX_LANGUAGE_STANDARD = "gnu++14";
				CLANG_CXX_LIBRARY = "libc++";
				CLANG_ENABLE_MODULES = YES;
				CLANG_ENABLE_OBJC_ARC = YES;
				CLANG_ENABLE_OBJC_WEAK = YES;
				CLANG_WARN_BLOCK_CAPTURE_AUTORELEASING = YES;
				CLANG_WARN_BOOL_CONVERSION = YES;
				CLANG_WARN_COMMA = YES;
				CLANG_WARN_CONSTANT_CONVERSION = YES;
				CLANG_WARN_DEPRECATED_OBJC_IMPLEMENTATIONS = YES;
				CLANG_WARN_DIRECT_OBJC_ISA_USAGE = YES_ERROR;
				CLANG_WARN_DOCUMENTATION_COMMENTS = YES;
				CLANG_WARN_EMPTY_BODY = YES;
				CLANG_WARN_ENUM_CONVERSION = YES;
				CLANG_WARN_INFINITE_RECURSION = YES;
				CLANG_WARN_INT_CONVERSION = YES;
				CLANG_WARN_NON_LITERAL_NULL_CONVERSION = YES;
				CLANG_WARN_OBJC_IMPLICIT_RETAIN_SELF = YES;
				CLANG_WARN_OBJC_LITERAL_CONVERSION = YES;
				CLANG_WARN_OBJC_ROOT_CLASS = YES_ERROR;
				CLANG_WARN_QUOTED_INCLUDE_IN_FRAMEWORK_HEADER = YES;
				CLANG_WARN_RANGE_LOOP_ANALYSIS = YES;
				CLANG_WARN_STRICT_PROTOTYPES = YES;
				CLANG_WARN_SUSPICIOUS_MOVE = YES;
				CLANG_WARN_UNGUARDED_AVAILABILITY = YES_AGGRESSIVE;
				CLANG_WARN_UNREACHABLE_CODE = YES;
				CLANG_WARN__DUPLICATE_METHOD_MATCH = YES;
				COPY_PHASE_STRIP = NO;
				DEBUG_INFORMATION_FORMAT = dwarf;
				ENABLE_STRICT_OBJC_MSGSEND = YES;
				ENABLE_TESTABILITY = YES;
				GCC_C_LANGUAGE_STANDARD = gnu11;
				GCC_DYNAMIC_NO_PIC = NO;
				GCC_NO_COMMON_BLOCKS = YES;
				GCC_OPTIMIZATION_LEVEL = 0;
				GCC_PREPROCESSOR_DEFINITIONS = (
					"$(inherited)",
					"DEBUG=1",
				);
				GCC_WARN_64_TO_32_BIT_CONVERSION = YES;
				GCC_WARN_ABOUT_RETURN_TYPE = YES_ERROR;
				GCC_WARN_UNDECLARED_SELECTOR = YES;
				GCC_WARN_UNINITIALIZED_AUTOS = YES_AGGRESSIVE;
				GCC_WARN_UNUSED_FUNCTION = YES;
				GCC_WARN_UNUSED_VARIABLE = YES;
				IPHONEOS_DEPLOYMENT_TARGET = 26.0;
				MTL_ENABLE_DEBUG_INFO = INCLUDE_SOURCE;
				MTL_FAST_MATH = YES;
				ONLY_ACTIVE_ARCH = YES;
				PRODUCT_NAME = "$(TARGET_NAME)";
				SDKROOT = iphoneos;
				SWIFT_ACTIVE_COMPILATION_CONDITIONS = DEBUG;
				SWIFT_OPTIMIZATION_LEVEL = "-Onone";
				SWIFT_VERSION = 5.0;
			};
			name = Debug;
		};
		D1697B277BEECB23C8CDEC31 /* Release */ = {
			isa = XCBuildConfiguration;
			buildSettings = {
				BUNDLE_LOADER = "$(TEST_HOST)";
				DEVELOPMENT_TEAM = YBXGDD5754;
				GENERATE_INFOPLIST_FILE = YES;
				LD_RUNPATH_SEARCH_PATHS = (
					"$(inherited)",
					"@executable_path/Frameworks",
					"@loader_path/Frameworks",
				);
				PRODUCT_BUNDLE_IDENTIFIER = com.visionlinkhue.VisionLinkHueTests;
				SDKROOT = iphoneos;
				SWIFT_VERSION = 6.3;
				TARGETED_DEVICE_FAMILY = "1,2";
				TEST_HOST = "$(BUILT_PRODUCTS_DIR)/VisionLinkHue.app/VisionLinkHue";
			};
			name = Release;
		};
		D21941592EDD6F56586F1641 /* Release */ = {
			isa = XCBuildConfiguration;
			buildSettings = {
				ASSETCATALOG_COMPILER_APPICON_NAME = AppIcon;
				CODE_SIGN_IDENTITY = "iPhone Developer";
				DEVELOPMENT_TEAM = YBXGDD5754;
				ENTITLEMENTS_DIRECTORY = .;
				ENTITLEMENTS_FILENAME = VisionLinkHue.entitlements;
				INFOPLIST_FILE = Info.plist;
				LD_RUNPATH_SEARCH_PATHS = (
					"$(inherited)",
					"@executable_path/Frameworks",
				);
				PRODUCT_BUNDLE_IDENTIFIER = com.visionlinkhue.VisionLinkHue;
				SDKROOT = iphoneos;
				SWIFT_VERSION = 6.3;
				TARGETED_DEVICE_FAMILY = "1,2";
			};
			name = Release;
		};
/* End XCBuildConfiguration section */

/* Begin XCConfigurationList section */
		C83D30D676C6E37FEFDA7335 /* Build configuration list for PBXNativeTarget "VisionLinkHue" */ = {
			isa = XCConfigurationList;
			buildConfigurations = (
				22C431F3A861A75EA3365C20 /* Debug */,
				D21941592EDD6F56586F1641 /* Release */,
			);
			defaultConfigurationIsVisible = 0;
			defaultConfigurationName = Debug;
		};
		E27E6353AFB8D403618B6CC3 /* Build configuration list for PBXNativeTarget "VisionLinkHueTests" */ = {
			isa = XCConfigurationList;
			buildConfigurations = (
				1528D2035EDD2F8A9EE1CD11 /* Debug */,
				D1697B277BEECB23C8CDEC31 /* Release */,
			);
			defaultConfigurationIsVisible = 0;
			defaultConfigurationName = Debug;
		};
		E6C8BBA3F05C332272A66BAF /* Build configuration list for PBXProject "VisionLinkHue" */ = {
			isa = XCConfigurationList;
			buildConfigurations = (
				C329268CA9A730DAED7024A6 /* Debug */,
				9A8A1A52047758ECC596980C /* Release */,
			);
			defaultConfigurationIsVisible = 0;
			defaultConfigurationName = Debug;
		};
/* End XCConfigurationList section */

/* Begin XCRemoteSwiftPackageReference section */
		7986CCEB8B4601E7F9B3F325 /* XCRemoteSwiftPackageReference "swift-crypto" */ = {
			isa = XCRemoteSwiftPackageReference;
			repositoryURL = "https://github.com/apple/swift-crypto.git";
			requirement = {
				kind = upToNextMajorVersion;
				minimumVersion = 3.0.0;
			};
		};
/* End XCRemoteSwiftPackageReference section */

/* Begin XCSwiftPackageProductDependency section */
		889F1532732AE0ED5BF3BE5B /* Crypto */ = {
			isa = XCSwiftPackageProductDependency;
			package = 7986CCEB8B4601E7F9B3F325 /* XCRemoteSwiftPackageReference "swift-crypto" */;
			productName = Crypto;
		};
/* End XCSwiftPackageProductDependency section */
	};
	rootObject = D9FB3B583B9DCE05B48D2757 /* Project object */;
}
